
Microsoft Visual Studio Solution File, Format Version 12.00
# Visual Studio Version 18
VisualStudioVersion = 18.4.11605.240 stable
MinimumVisualStudioVersion = 10.0.40219.1
Project("{FAE04EC0-301F-11D3-BF4B-00C04F79EFBC}") = "GestorDeTareas", "GestorDeTareas.csproj", "{491895EC-49FE-76B6-7881-371302C59611}"
EndProject
Global
	GlobalSection(SolutionConfigurationPlatforms) = preSolution
		Debug|Any CPU = Debug|Any CPU
		Release|Any CPU = Release|Any CPU
	EndGlobalSection
	GlobalSection(ProjectConfigurationPlatforms) = postSolution
		{491895EC-49FE-76B6-7881-371302C59611}.Debug|Any CPU.ActiveCfg = Debug|Any CPU
		{491895EC-49FE-76B6-7881-371302C59611}.Debug|Any CPU.Build.0 = Debug|Any CPU
		{491895EC-49FE-76B6-7881-371302C59611}.Release|Any CPU.ActiveCfg = Release|Any CPU
		{491895EC-49FE-76B6-7881-371302C59611}.Release|Any CPU.Build.0 = Release|Any CPU
	EndGlobalSection
	GlobalSection(SolutionProperties) = preSolution
		HideSolutionNode = FALSE
	EndGlobalSection
	GlobalSection(ExtensibilityGlobals) = postSolution
		SolutionGuid = {DBABB162-CFEF-4CB5-BC86-72288C7C04EA}
	EndGlobalSection
EndGlobal
